
Microsoft Visual Studio Solution File, Format Version 12.00
# Visual Studio Version 17
VisualStudioVersion = 17.4.33213.308
MinimumVisualStudioVersion = 10.0.40219.1
Project("{9A19103F-16F7-4668-BE54-9A1E7A4F7556}") = "ChatJaffApp.Server", "ChatJaffApp\Server\ChatJaffApp.Server.csproj", "{506A1547-C834-48E2-8550-72BF23BC2F54}"
EndProject
Project("{9A19103F-16F7-4668-BE54-9A1E7A4F7556}") = "ChatJaffApp.Client", "ChatJaffApp\Client\ChatJaffApp.Client.csproj", "{514769FE-BF5B-4CBB-8FAF-9DDC440F2954}"
EndProject
Project("{9A19103F-16F7-4668-BE54-9A1E7A4F7556}") = "ChatJaffApp.Shared", "ChatJaffApp\Shared\ChatJaffApp.Shared.csproj", "{61343FB1-5A4E-40D4-96D5-DE98B5B900AC}"
EndProject
Project("{9A19103F-16F7-4668-BE54-9A1E7A4F7556}") = "ChatJaffApp.Tests", "ChatJaffApp.Tests\ChatJaffApp.Tests.csproj", "{9DD7E63D-2033-4170-99D8-DCD77E87F98F}"
EndProject
Project("{9A19103F-16F7-4668-BE54-9A1E7A4F7556}") = "ChatJaffApp.UITest", "ChatJaffApp.UITest\ChatJaffApp.UITest.csproj", "{ACA83F2F-61CD-4E8D-98BA-69E9D8C31CA1}"
EndProject
Project("{9A19103F-16F7-4668-BE54-9A1E7A4F7556}") = "ChatJaffApi.Tests", "ChatJaffApi.Tests\ChatJaffApi.Tests.csproj", "{2955B2F9-CB77-4C86-BEAF-0502D96E563C}"
EndProject
Global
	GlobalSection(SolutionConfigurationPlatforms) = preSolution
		Debug|Any CPU = Debug|Any CPU
		Release|Any CPU = Release|Any CPU
	EndGlobalSection
	GlobalSection(ProjectConfigurationPlatforms) = postSolution
		{506A1547-C834-48E2-8550-72BF23BC2F54}.Debug|Any CPU.ActiveCfg = Debug|Any CPU
		{506A1547-C834-48E2-8550-72BF23BC2F54}.Debug|Any CPU.Build.0 = Debug|Any CPU
		{506A1547-C834-48E2-8550-72BF23BC2F54}.Release|Any CPU.ActiveCfg = Release|Any CPU
		{506A1547-C834-48E2-8550-72BF23BC2F54}.Release|Any CPU.Build.0 = Release|Any CPU
		{514769FE-BF5B-4CBB-8FAF-9DDC440F2954}.Debug|Any CPU.ActiveCfg = Debug|Any CPU
		{514769FE-BF5B-4CBB-8FAF-9DDC440F2954}.Debug|Any CPU.Build.0 = Debug|Any CPU
		{514769FE-BF5B-4CBB-8FAF-9DDC440F2954}.Release|Any CPU.ActiveCfg = Release|Any CPU
		{514769FE-BF5B-4CBB-8FAF-9DDC440F2954}.Release|Any CPU.Build.0 = Release|Any CPU
		{61343FB1-5A4E-40D4-96D5-DE98B5B900AC}.Debug|Any CPU.ActiveCfg = Debug|Any CPU
		{61343FB1-5A4E-40D4-96D5-DE98B5B900AC}.Debug|Any CPU.Build.0 = Debug|Any CPU
		{61343FB1-5A4E-40D4-96D5-DE98B5B900AC}.Release|Any CPU.ActiveCfg = Release|Any CPU
		{61343FB1-5A4E-40D4-96D5-DE98B5B900AC}.Release|Any CPU.Build.0 = Release|Any CPU
		{9DD7E63D-2033-4170-99D8-DCD77E87F98F}.Debug|Any CPU.ActiveCfg = Debug|Any CPU
		{9DD7E63D-2033-4170-99D8-DCD77E87F98F}.Debug|Any CPU.Build.0 = Debug|Any CPU
		{9DD7E63D-2033-4170-99D8-DCD77E87F98F}.Release|Any CPU.ActiveCfg = Release|Any CPU
		{9DD7E63D-2033-4170-99D8-DCD77E87F98F}.Release|Any CPU.Build.0 = Release|Any CPU
		{ACA83F2F-61CD-4E8D-98BA-69E9D8C31CA1}.Debug|Any CPU.ActiveCfg = Debug|Any CPU
		{ACA83F2F-61CD-4E8D-98BA-69E9D8C31CA1}.Debug|Any CPU.Build.0 = Debug|Any CPU
		{ACA83F2F-61CD-4E8D-98BA-69E9D8C31CA1}.Release|Any CPU.ActiveCfg = Release|Any CPU
		{ACA83F2F-61CD-4E8D-98BA-69E9D8C31CA1}.Release|Any CPU.Build.0 = Release|Any CPU
		{2955B2F9-CB77-4C86-BEAF-0502D96E563C}.Debug|Any CPU.ActiveCfg = Debug|Any CPU
		{2955B2F9-CB77-4C86-BEAF-0502D96E563C}.Debug|Any CPU.Build.0 = Debug|Any CPU
		{2955B2F9-CB77-4C86-BEAF-0502D96E563C}.Release|Any CPU.ActiveCfg = Release|Any CPU
		{2955B2F9-CB77-4C86-BEAF-0502D96E563C}.Release|Any CPU.Build.0 = Release|Any CPU
	EndGlobalSection
	GlobalSection(SolutionProperties) = preSolution
		HideSolutionNode = FALSE
	EndGlobalSection
	GlobalSection(ExtensibilityGlobals) = postSolution
		SolutionGuid = {BC0327F4-E253-48CE-8263-6FBFBBE634FA}
	EndGlobalSection
EndGlobal
